// !$*UTF8*$!
{
	archiveVersion = 1;
	classes = {
	};
	objectVersion = 48;
	objects = {

/* Begin PBXBuildFile section */
		0C6E7A5A4151F97E44F5FEA3 /* libPods-renew.a in Frameworks */ = {isa = PBXBuildFile; fileRef = C5E3BAE9E92B6FEBF2A9B67C /* libPods-renew.a */; };
		BF678F022057C81400F561CB /* pinyin.m in Sources */ = {isa = PBXBuildFile; fileRef = BF678F012057C81400F561CB /* pinyin.m */; };
		BF678F062057CB2700F561CB /* WXBaseModel.m in Sources */ = {isa = PBXBuildFile; fileRef = BF678F052057CB2700F561CB /* WXBaseModel.m */; };
		BF678F092057CCE100F561CB /* WXUserModel.m in Sources */ = {isa = PBXBuildFile; fileRef = BF678F082057CCE100F561CB /* WXUserModel.m */; };
		BF678F0C2057CDE200F561CB /* WXMeHeaderTableViewCell.m in Sources */ = {isa = PBXBuildFile; fileRef = BF678F0B2057CDE200F561CB /* WXMeHeaderTableViewCell.m */; };
		BF678F0F2057F16E00F561CB /* WXUIFactory.m in Sources */ = {isa = PBXBuildFile; fileRef = BF678F0E2057F16E00F561CB /* WXUIFactory.m */; };
		BF678F122057F16E00F561CB /* WXContactModel.m in Sources */ = {isa = PBXBuildFile; fileRef = BF678F112057F16E00F561CB /* WXContactModel.m */; };
		BF678F152057F16E00F561CB /* NSString+Utils.m in Sources */ = {isa = PBXBuildFile; fileRef = BF678F142057F16E00F561CB /* NSString+Utils.m */; };
		BF678F182057F16E00F561CB /* WXContactListHeaderView.m in Sources */ = {isa = PBXBuildFile; fileRef = BF678F172057F16E00F561CB /* WXContactListHeaderView.m */; };
		BF678F1B2057F6F300F561CB /* WXTimeLineViewController.m in Sources */ = {isa = PBXBuildFile; fileRef = BF678F1A2057F6F300F561CB /* WXTimeLineViewController.m */; };
		BFB3B8102056B0250085E6D9 /* BaseViewController.m in Sources */ = {isa = PBXBuildFile; fileRef = BFB3B80F2056B0250085E6D9 /* BaseViewController.m */; };
		BFB3B8152056B0250085E6D9 /* Assets.xcassets in Resources */ = {isa = PBXBuildFile; fileRef = BFB3B8142056B0250085E6D9 /* Assets.xcassets */; };
		BFB3B81B2056B0250085E6D9 /* main.m in Sources */ = {isa = PBXBuildFile; fileRef = BFB3B81A2056B0250085E6D9 /* main.m */; };
		BFB3B8252056B0250085E6D9 /* renewTests.m in Sources */ = {isa = PBXBuildFile; fileRef = BFB3B8242056B0250085E6D9 /* renewTests.m */; };
		BFB3B8342056B22C0085E6D9 /* WXAppDelegate.m in Sources */ = {isa = PBXBuildFile; fileRef = BFB3B8332056B22C0085E6D9 /* WXAppDelegate.m */; };
		BFB3B83F2056B4310085E6D9 /* UIColor+WXColor.m in Sources */ = {isa = PBXBuildFile; fileRef = BFB3B83E2056B4310085E6D9 /* UIColor+WXColor.m */; };
		BFB3B8422056B4F30085E6D9 /* WXMainFrameViewController.m in Sources */ = {isa = PBXBuildFile; fileRef = BFB3B8412056B4F30085E6D9 /* WXMainFrameViewController.m */; };
		BFB3B8482056B5550085E6D9 /* WXChatListViewController.m in Sources */ = {isa = PBXBuildFile; fileRef = BFB3B8472056B5550085E6D9 /* WXChatListViewController.m */; };
		BFB3B8522056B7C80085E6D9 /* WXContactsListViewController.m in Sources */ = {isa = PBXBuildFile; fileRef = BFB3B8512056B7C80085E6D9 /* WXContactsListViewController.m */; };
		BFB3B8582056B7FB0085E6D9 /* WXDiscoverViewController.m in Sources */ = {isa = PBXBuildFile; fileRef = BFB3B8572056B7FB0085E6D9 /* WXDiscoverViewController.m */; };
		BFB3B85E2056B8270085E6D9 /* WXMeViewController.m in Sources */ = {isa = PBXBuildFile; fileRef = BFB3B85D2056B8270085E6D9 /* WXMeViewController.m */; };
/* End PBXBuildFile section */

/* Begin PBXContainerItemProxy section */
		BFB3B8212056B0250085E6D9 /* PBXContainerItemProxy */ = {
			isa = PBXContainerItemProxy;
			containerPortal = BFB3B8002056B0250085E6D9 /* Project object */;
			proxyType = 1;
			remoteGlobalIDString = BFB3B8072056B0250085E6D9;
			remoteInfo = renew;
		};
/* End PBXContainerItemProxy section */

/* Begin PBXFileReference section */
		620D7448F4709DB0366C4F5E /* Pods-renew.debug.xcconfig */ = {isa = PBXFileReference; includeInIndex = 1; lastKnownFileType = text.xcconfig; name = "Pods-renew.debug.xcconfig"; path = "Pods/Target Support Files/Pods-renew/Pods-renew.debug.xcconfig"; sourceTree = "<group>"; };
		BF678F002057C81400F561CB /* pinyin.h */ = {isa = PBXFileReference; fileEncoding = 4; lastKnownFileType = sourcecode.c.h; path = pinyin.h; sourceTree = "<group>"; };
		BF678F012057C81400F561CB /* pinyin.m */ = {isa = PBXFileReference; fileEncoding = 4; lastKnownFileType = sourcecode.c.objc; path = pinyin.m; sourceTree = "<group>"; };
		BF678F042057CB2700F561CB /* WXBaseModel.h */ = {isa = PBXFileReference; lastKnownFileType = sourcecode.c.h; path = WXBaseModel.h; sourceTree = "<group>"; };
		BF678F052057CB2700F561CB /* WXBaseModel.m */ = {isa = PBXFileReference; lastKnownFileType = sourcecode.c.objc; path = WXBaseModel.m; sourceTree = "<group>"; };
		BF678F072057CCE100F561CB /* WXUserModel.h */ = {isa = PBXFileReference; lastKnownFileType = sourcecode.c.h; path = WXUserModel.h; sourceTree = "<group>"; };
		BF678F082057CCE100F561CB /* WXUserModel.m */ = {isa = PBXFileReference; lastKnownFileType = sourcecode.c.objc; path = WXUserModel.m; sourceTree = "<group>"; };
		BF678F0A2057CDE200F561CB /* WXMeHeaderTableViewCell.h */ = {isa = PBXFileReference; lastKnownFileType = sourcecode.c.h; path = WXMeHeaderTableViewCell.h; sourceTree = "<group>"; };
		BF678F0B2057CDE200F561CB /* WXMeHeaderTableViewCell.m */ = {isa = PBXFileReference; lastKnownFileType = sourcecode.c.objc; path = WXMeHeaderTableViewCell.m; sourceTree = "<group>"; };
		BF678F0D2057F16E00F561CB /* WXUIFactory.h */ = {isa = PBXFileReference; lastKnownFileType = sourcecode.c.h; path = WXUIFactory.h; sourceTree = "<group>"; };
		BF678F0E2057F16E00F561CB /* WXUIFactory.m */ = {isa = PBXFileReference; lastKnownFileType = sourcecode.c.objc; path = WXUIFactory.m; sourceTree = "<group>"; };
		BF678F102057F16E00F561CB /* WXContactModel.h */ = {isa = PBXFileReference; lastKnownFileType = sourcecode.c.h; path = WXContactModel.h; sourceTree = "<group>"; };
		BF678F112057F16E00F561CB /* WXContactModel.m */ = {isa = PBXFileReference; lastKnownFileType = sourcecode.c.objc; path = WXContactModel.m; sourceTree = "<group>"; };
		BF678F132057F16E00F561CB /* NSString+Utils.h */ = {isa = PBXFileReference; lastKnownFileType = sourcecode.c.h; path = "NSString+Utils.h"; sourceTree = "<group>"; };
		BF678F142057F16E00F561CB /* NSString+Utils.m */ = {isa = PBXFileReference; lastKnownFileType = sourcecode.c.objc; path = "NSString+Utils.m"; sourceTree = "<group>"; };
		BF678F162057F16E00F561CB /* WXContactListHeaderView.h */ = {isa = PBXFileReference; lastKnownFileType = sourcecode.c.h; path = WXContactListHeaderView.h; sourceTree = "<group>"; };
		BF678F172057F16E00F561CB /* WXContactListHeaderView.m */ = {isa = PBXFileReference; lastKnownFileType = sourcecode.c.objc; path = WXContactListHeaderView.m; sourceTree = "<group>"; };
		BF678F192057F6F300F561CB /* WXTimeLineViewController.h */ = {isa = PBXFileReference; lastKnownFileType = sourcecode.c.h; path = WXTimeLineViewController.h; sourceTree = "<group>"; };
		BF678F1A2057F6F300F561CB /* WXTimeLineViewController.m */ = {isa = PBXFileReference; lastKnownFileType = sourcecode.c.objc; path = WXTimeLineViewController.m; sourceTree = "<group>"; };
		BFB3B8082056B0250085E6D9 /* renew.app */ = {isa = PBXFileReference; explicitFileType = wrapper.application; includeInIndex = 0; path = renew.app; sourceTree = BUILT_PRODUCTS_DIR; };
		BFB3B80E2056B0250085E6D9 /* BaseViewController.h */ = {isa = PBXFileReference; lastKnownFileType = sourcecode.c.h; path = BaseViewController.h; sourceTree = "<group>"; };
		BFB3B80F2056B0250085E6D9 /* BaseViewController.m */ = {isa = PBXFileReference; lastKnownFileType = sourcecode.c.objc; path = BaseViewController.m; sourceTree = "<group>"; };
		BFB3B8142056B0250085E6D9 /* Assets.xcassets */ = {isa = PBXFileReference; lastKnownFileType = folder.assetcatalog; path = Assets.xcassets; sourceTree = "<group>"; };
		BFB3B8192056B0250085E6D9 /* Info.plist */ = {isa = PBXFileReference; lastKnownFileType = text.plist.xml; path = Info.plist; sourceTree = "<group>"; };
		BFB3B81A2056B0250085E6D9 /* main.m */ = {isa = PBXFileReference; lastKnownFileType = sourcecode.c.objc; path = main.m; sourceTree = "<group>"; };
		BFB3B8202056B0250085E6D9 /* renewTests.xctest */ = {isa = PBXFileReference; explicitFileType = wrapper.cfbundle; includeInIndex = 0; path = renewTests.xctest; sourceTree = BUILT_PRODUCTS_DIR; };
		BFB3B8242056B0250085E6D9 /* renewTests.m */ = {isa = PBXFileReference; lastKnownFileType = sourcecode.c.objc; path = renewTests.m; sourceTree = "<group>"; };
		BFB3B8262056B0250085E6D9 /* Info.plist */ = {isa = PBXFileReference; lastKnownFileType = text.plist.xml; path = Info.plist; sourceTree = "<group>"; };
		BFB3B8322056B22B0085E6D9 /* WXAppDelegate.h */ = {isa = PBXFileReference; fileEncoding = 4; lastKnownFileType = sourcecode.c.h; path = WXAppDelegate.h; sourceTree = "<group>"; };
		BFB3B8332056B22C0085E6D9 /* WXAppDelegate.m */ = {isa = PBXFileReference; fileEncoding = 4; lastKnownFileType = sourcecode.c.objc; path = WXAppDelegate.m; sourceTree = "<group>"; };
		BFB3B83D2056B4310085E6D9 /* UIColor+WXColor.h */ = {isa = PBXFileReference; lastKnownFileType = sourcecode.c.h; path = "UIColor+WXColor.h"; sourceTree = "<group>"; };
		BFB3B83E2056B4310085E6D9 /* UIColor+WXColor.m */ = {isa = PBXFileReference; lastKnownFileType = sourcecode.c.objc; path = "UIColor+WXColor.m"; sourceTree = "<group>"; };
		BFB3B8402056B4F30085E6D9 /* WXMainFrameViewController.h */ = {isa = PBXFileReference; lastKnownFileType = sourcecode.c.h; path = WXMainFrameViewController.h; sourceTree = "<group>"; };
		BFB3B8412056B4F30085E6D9 /* WXMainFrameViewController.m */ = {isa = PBXFileReference; lastKnownFileType = sourcecode.c.objc; path = WXMainFrameViewController.m; sourceTree = "<group>"; };
		BFB3B8472056B5550085E6D9 /* WXChatListViewController.m */ = {isa = PBXFileReference; lastKnownFileType = sourcecode.c.objc; path = WXChatListViewController.m; sourceTree = "<group>"; };
		BFB3B8492056B5AF0085E6D9 /* Renew_Prefix.pch */ = {isa = PBXFileReference; lastKnownFileType = sourcecode.c.h; path = Renew_Prefix.pch; sourceTree = "<group>"; };
		BFB3B84C2056B7770085E6D9 /* WXChatListViewController.h */ = {isa = PBXFileReference; fileEncoding = 4; lastKnownFileType = sourcecode.c.h; path = WXChatListViewController.h; sourceTree = "<group>"; };
		BFB3B8502056B7C80085E6D9 /* WXContactsListViewController.h */ = {isa = PBXFileReference; lastKnownFileType = sourcecode.c.h; path = WXContactsListViewController.h; sourceTree = "<group>"; };
		BFB3B8512056B7C80085E6D9 /* WXContactsListViewController.m */ = {isa = PBXFileReference; lastKnownFileType = sourcecode.c.objc; path = WXContactsListViewController.m; sourceTree = "<group>"; };
		BFB3B8562056B7FB0085E6D9 /* WXDiscoverViewController.h */ = {isa = PBXFileReference; lastKnownFileType = sourcecode.c.h; path = WXDiscoverViewController.h; sourceTree = "<group>"; };
		BFB3B8572056B7FB0085E6D9 /* WXDiscoverViewController.m */ = {isa = PBXFileReference; lastKnownFileType = sourcecode.c.objc; path = WXDiscoverViewController.m; sourceTree = "<group>"; };
		BFB3B85C2056B8270085E6D9 /* WXMeViewController.h */ = {isa = PBXFileReference; lastKnownFileType = sourcecode.c.h; path = WXMeViewController.h; sourceTree = "<group>"; };
		BFB3B85D2056B8270085E6D9 /* WXMeViewController.m */ = {isa = PBXFileReference; lastKnownFileType = sourcecode.c.objc; path = WXMeViewController.m; sourceTree = "<group>"; };
		C5E3BAE9E92B6FEBF2A9B67C /* libPods-renew.a */ = {isa = PBXFileReference; explicitFileType = archive.ar; includeInIndex = 0; path = "libPods-renew.a"; sourceTree = BUILT_PRODUCTS_DIR; };
		DA521A43346DA3DF3117DEAD /* Pods-renew.release.xcconfig */ = {isa = PBXFileReference; includeInIndex = 1; lastKnownFileType = text.xcconfig; name = "Pods-renew.release.xcconfig"; path = "Pods/Target Support Files/Pods-renew/Pods-renew.release.xcconfig"; sourceTree = "<group>"; };
/* End PBXFileReference section */

/* Begin PBXFrameworksBuildPhase section */
		BFB3B8052056B0250085E6D9 /* Frameworks */ = {
			isa = PBXFrameworksBuildPhase;
			buildActionMask = 2147483647;
			files = (
				0C6E7A5A4151F97E44F5FEA3 /* libPods-renew.a in Frameworks */,
			);
			runOnlyForDeploymentPostprocessing = 0;
		};
		BFB3B81D2056B0250085E6D9 /* Frameworks */ = {
			isa = PBXFrameworksBuildPhase;
			buildActionMask = 2147483647;
			files = (
			);
			runOnlyForDeploymentPostprocessing = 0;
		};
/* End PBXFrameworksBuildPhase section */

/* Begin PBXGroup section */
		33BCF53DE0512F832CA68CB1 /* Pods */ = {
			isa = PBXGroup;
			children = (
				620D7448F4709DB0366C4F5E /* Pods-renew.debug.xcconfig */,
				DA521A43346DA3DF3117DEAD /* Pods-renew.release.xcconfig */,
			);
			name = Pods;
			sourceTree = "<group>";
		};
		BF678EFE2057C7F800F561CB /* ThirdPart */ = {
			isa = PBXGroup;
			children = (
				BF678EFF2057C80100F561CB /* Pinyin */,
			);
			path = ThirdPart;
			sourceTree = "<group>";
		};
		BF678EFF2057C80100F561CB /* Pinyin */ = {
			isa = PBXGroup;
			children = (
				BF678F002057C81400F561CB /* pinyin.h */,
				BF678F012057C81400F561CB /* pinyin.m */,
			);
			path = Pinyin;
			sourceTree = "<group>";
		};
		BF678F032057CB0900F561CB /* Base */ = {
			isa = PBXGroup;
			children = (
				BF678F042057CB2700F561CB /* WXBaseModel.h */,
				BF678F052057CB2700F561CB /* WXBaseModel.m */,
			);
			path = Base;
			sourceTree = "<group>";
		};
		BFB3B7FF2056B0250085E6D9 = {
			isa = PBXGroup;
			children = (
				BFB3B80A2056B0250085E6D9 /* renew */,
				BFB3B8232056B0250085E6D9 /* renewTests */,
				BFB3B8092056B0250085E6D9 /* Products */,
				33BCF53DE0512F832CA68CB1 /* Pods */,
				F88CD17BA298C0A4111D5117 /* Frameworks */,
			);
			sourceTree = "<group>";
		};
		BFB3B8092056B0250085E6D9 /* Products */ = {
			isa = PBXGroup;
			children = (
				BFB3B8082056B0250085E6D9 /* renew.app */,
				BFB3B8202056B0250085E6D9 /* renewTests.xctest */,
			);
			name = Products;
			sourceTree = "<group>";
		};
		BFB3B80A2056B0250085E6D9 /* renew */ = {
			isa = PBXGroup;
			children = (
				BFB3B8362056B28E0085E6D9 /* Me */,
				BFB3B8372056B2990085E6D9 /* Discover */,
				BFB3B8382056B2A30085E6D9 /* Contact */,
				BFB3B8392056B2AF0085E6D9 /* Wechat */,
				BFB3B8352056B2870085E6D9 /* Utils */,
				BFB3B83A2056B2CB0085E6D9 /* Supporting Files */,
			);
			path = renew;
			sourceTree = "<group>";
		};
		BFB3B8232056B0250085E6D9 /* renewTests */ = {
			isa = PBXGroup;
			children = (
				BFB3B8242056B0250085E6D9 /* renewTests.m */,
				BFB3B8262056B0250085E6D9 /* Info.plist */,
			);
			path = renewTests;
			sourceTree = "<group>";
		};
		BFB3B8352056B2870085E6D9 /* Utils */ = {
			isa = PBXGroup;
			children = (
				BF678F032057CB0900F561CB /* Base */,
				BF678EFE2057C7F800F561CB /* ThirdPart */,
				BFB3B83C2056B36F0085E6D9 /* Categories */,
				BFB3B83B2056B2E30085E6D9 /* UIKitor */,
			);
			path = Utils;
			sourceTree = "<group>";
		};
		BFB3B8362056B28E0085E6D9 /* Me */ = {
			isa = PBXGroup;
			children = (
				BFB3B85B2056B8100085E6D9 /* Controller */,
				BFB3B85A2056B80B0085E6D9 /* View */,
				BFB3B8592056B8010085E6D9 /* Model */,
			);
			path = Me;
			sourceTree = "<group>";
		};
		BFB3B8372056B2990085E6D9 /* Discover */ = {
			isa = PBXGroup;
			children = (
				BFB3B8552056B7EC0085E6D9 /* Model */,
				BFB3B8542056B7E60085E6D9 /* Controller */,
				BFB3B8532056B7DF0085E6D9 /* View */,
			);
			path = Discover;
			sourceTree = "<group>";
		};
		BFB3B8382056B2A30085E6D9 /* Contact */ = {
			isa = PBXGroup;
			children = (
				BFB3B84F2056B7B30085E6D9 /* Controller */,
				BFB3B84E2056B7A60085E6D9 /* View */,
				BFB3B84D2056B79B0085E6D9 /* Model */,
			);
			path = Contact;
			sourceTree = "<group>";
		};
		BFB3B8392056B2AF0085E6D9 /* Wechat */ = {
			isa = PBXGroup;
			children = (
				BFB3B8452056B53F0085E6D9 /* Model */,
				BFB3B8442056B5390085E6D9 /* View */,
				BFB3B8432056B52D0085E6D9 /* Controller */,
			);
			path = Wechat;
			sourceTree = "<group>";
		};
		BFB3B83A2056B2CB0085E6D9 /* Supporting Files */ = {
			isa = PBXGroup;
			children = (
				BFB3B8322056B22B0085E6D9 /* WXAppDelegate.h */,
				BFB3B8332056B22C0085E6D9 /* WXAppDelegate.m */,
				BFB3B8142056B0250085E6D9 /* Assets.xcassets */,
				BFB3B8192056B0250085E6D9 /* Info.plist */,
				BFB3B81A2056B0250085E6D9 /* main.m */,
				BFB3B8492056B5AF0085E6D9 /* Renew_Prefix.pch */,
			);
			path = "Supporting Files";
			sourceTree = "<group>";
		};
		BFB3B83B2056B2E30085E6D9 /* UIKitor */ = {
			isa = PBXGroup;
			children = (
				BFB3B80E2056B0250085E6D9 /* BaseViewController.h */,
				BFB3B80F2056B0250085E6D9 /* BaseViewController.m */,
				BFB3B8402056B4F30085E6D9 /* WXMainFrameViewController.h */,
				BFB3B8412056B4F30085E6D9 /* WXMainFrameViewController.m */,
				BF678F0D2057F16E00F561CB /* WXUIFactory.h */,
				BF678F0E2057F16E00F561CB /* WXUIFactory.m */,
			);
			path = UIKitor;
			sourceTree = "<group>";
		};
		BFB3B83C2056B36F0085E6D9 /* Categories */ = {
			isa = PBXGroup;
			children = (
				BFB3B83D2056B4310085E6D9 /* UIColor+WXColor.h */,
				BFB3B83E2056B4310085E6D9 /* UIColor+WXColor.m */,
				BF678F132057F16E00F561CB /* NSString+Utils.h */,
				BF678F142057F16E00F561CB /* NSString+Utils.m */,
			);
			path = Categories;
			sourceTree = "<group>";
		};
		BFB3B8432056B52D0085E6D9 /* Controller */ = {
			isa = PBXGroup;
			children = (
				BFB3B84C2056B7770085E6D9 /* WXChatListViewController.h */,
				BFB3B8472056B5550085E6D9 /* WXChatListViewController.m */,
			);
			path = Controller;
			sourceTree = "<group>";
		};
		BFB3B8442056B5390085E6D9 /* View */ = {
			isa = PBXGroup;
			children = (
			);
			path = View;
			sourceTree = "<group>";
		};
		BFB3B8452056B53F0085E6D9 /* Model */ = {
			isa = PBXGroup;
			children = (
			);
			path = Model;
			sourceTree = "<group>";
		};
		BFB3B84D2056B79B0085E6D9 /* Model */ = {
			isa = PBXGroup;
			children = (
				BF678F102057F16E00F561CB /* WXContactModel.h */,
				BF678F112057F16E00F561CB /* WXContactModel.m */,
			);
			path = Model;
			sourceTree = "<group>";
		};
		BFB3B84E2056B7A60085E6D9 /* View */ = {
			isa = PBXGroup;
			children = (
				BF678F162057F16E00F561CB /* WXContactListHeaderView.h */,
				BF678F172057F16E00F561CB /* WXContactListHeaderView.m */,
			);
			path = View;
			sourceTree = "<group>";
		};
		BFB3B84F2056B7B30085E6D9 /* Controller */ = {
			isa = PBXGroup;
			children = (
				BFB3B8502056B7C80085E6D9 /* WXContactsListViewController.h */,
				BFB3B8512056B7C80085E6D9 /* WXContactsListViewController.m */,
			);
			path = Controller;
			sourceTree = "<group>";
		};
		BFB3B8532056B7DF0085E6D9 /* View */ = {
			isa = PBXGroup;
			children = (
			);
			path = View;
			sourceTree = "<group>";
		};
		BFB3B8542056B7E60085E6D9 /* Controller */ = {
			isa = PBXGroup;
			children = (
				BFB3B8562056B7FB0085E6D9 /* WXDiscoverViewController.h */,
				BFB3B8572056B7FB0085E6D9 /* WXDiscoverViewController.m */,
				BF678F192057F6F300F561CB /* WXTimeLineViewController.h */,
				BF678F1A2057F6F300F561CB /* WXTimeLineViewController.m */,
			);
			path = Controller;
			sourceTree = "<group>";
		};
		BFB3B8552056B7EC0085E6D9 /* Model */ = {
			isa = PBXGroup;
			children = (
			);
			path = Model;
			sourceTree = "<group>";
		};
		BFB3B8592056B8010085E6D9 /* Model */ = {
			isa = PBXGroup;
			children = (
				BF678F072057CCE100F561CB /* WXUserModel.h */,
				BF678F082057CCE100F561CB /* WXUserModel.m */,
			);
			path = Model;
			sourceTree = "<group>";
		};
		BFB3B85A2056B80B0085E6D9 /* View */ = {
			isa = PBXGroup;
			children = (
				BF678F0A2057CDE200F561CB /* WXMeHeaderTableViewCell.h */,
				BF678F0B2057CDE200F561CB /* WXMeHeaderTableViewCell.m */,
			);
			path = View;
			sourceTree = "<group>";
		};
		BFB3B85B2056B8100085E6D9 /* Controller */ = {
			isa = PBXGroup;
			children = (
				BFB3B85C2056B8270085E6D9 /* WXMeViewController.h */,
				BFB3B85D2056B8270085E6D9 /* WXMeViewController.m */,
			);
			path = Controller;
			sourceTree = "<group>";
		};
		F88CD17BA298C0A4111D5117 /* Frameworks */ = {
			isa = PBXGroup;
			children = (
				C5E3BAE9E92B6FEBF2A9B67C /* libPods-renew.a */,
			);
			name = Frameworks;
			sourceTree = "<group>";
		};
/* End PBXGroup section */

/* Begin PBXNativeTarget section */
		BFB3B8072056B0250085E6D9 /* renew */ = {
			isa = PBXNativeTarget;
			buildConfigurationList = BFB3B8292056B0250085E6D9 /* Build configuration list for PBXNativeTarget "renew" */;
			buildPhases = (
				A342FC49D1BEA096AB5D242E /* [CP] Check Pods Manifest.lock */,
				BFB3B8042056B0250085E6D9 /* Sources */,
				BFB3B8052056B0250085E6D9 /* Frameworks */,
				BFB3B8062056B0250085E6D9 /* Resources */,
				62F6A9DB89A7170ECA79F2F2 /* [CP] Embed Pods Frameworks */,
				9A09DCC2C3E96E7E088BB0D9 /* [CP] Copy Pods Resources */,
			);
			buildRules = (
			);
			dependencies = (
			);
			name = renew;
			productName = renew;
			productReference = BFB3B8082056B0250085E6D9 /* renew.app */;
			productType = "com.apple.product-type.application";
		};
		BFB3B81F2056B0250085E6D9 /* renewTests */ = {
			isa = PBXNativeTarget;
			buildConfigurationList = BFB3B82C2056B0250085E6D9 /* Build configuration list for PBXNativeTarget "renewTests" */;
			buildPhases = (
				BFB3B81C2056B0250085E6D9 /* Sources */,
				BFB3B81D2056B0250085E6D9 /* Frameworks */,
				BFB3B81E2056B0250085E6D9 /* Resources */,
			);
			buildRules = (
			);
			dependencies = (
				BFB3B8222056B0250085E6D9 /* PBXTargetDependency */,
			);
			name = renewTests;
			productName = renewTests;
			productReference = BFB3B8202056B0250085E6D9 /* renewTests.xctest */;
			productType = "com.apple.product-type.bundle.unit-test";
		};
/* End PBXNativeTarget section */

/* Begin PBXProject section */
		BFB3B8002056B0250085E6D9 /* Project object */ = {
			isa = PBXProject;
			attributes = {
				LastUpgradeCheck = 0920;
				ORGANIZATIONNAME = toureek;
				TargetAttributes = {
					BFB3B8072056B0250085E6D9 = {
						CreatedOnToolsVersion = 9.2;
						ProvisioningStyle = Automatic;
					};
					BFB3B81F2056B0250085E6D9 = {
						CreatedOnToolsVersion = 9.2;
						ProvisioningStyle = Automatic;
						TestTargetID = BFB3B8072056B0250085E6D9;
					};
				};
			};
			buildConfigurationList = BFB3B8032056B0250085E6D9 /* Build configuration list for PBXProject "renew" */;
			compatibilityVersion = "Xcode 8.0";
			developmentRegion = en;
			hasScannedForEncodings = 0;
			knownRegions = (
				en,
				Base,
			);
			mainGroup = BFB3B7FF2056B0250085E6D9;
			productRefGroup = BFB3B8092056B0250085E6D9 /* Products */;
			projectDirPath = "";
			projectRoot = "";
			targets = (
				BFB3B8072056B0250085E6D9 /* renew */,
				BFB3B81F2056B0250085E6D9 /* renewTests */,
			);
		};
/* End PBXProject section */

/* Begin PBXResourcesBuildPhase section */
		BFB3B8062056B0250085E6D9 /* Resources */ = {
			isa = PBXResourcesBuildPhase;
			buildActionMask = 2147483647;
			files = (
				BFB3B8152056B0250085E6D9 /* Assets.xcassets in Resources */,
			);
			runOnlyForDeploymentPostprocessing = 0;
		};
		BFB3B81E2056B0250085E6D9 /* Resources */ = {
			isa = PBXResourcesBuildPhase;
			buildActionMask = 2147483647;
			files = (
			);
			runOnlyForDeploymentPostprocessing = 0;
		};
/* End PBXResourcesBuildPhase section */

/* Begin PBXShellScriptBuildPhase section */
		62F6A9DB89A7170ECA79F2F2 /* [CP] Embed Pods Frameworks */ = {
			isa = PBXShellScriptBuildPhase;
			buildActionMask = 2147483647;
			files = (
			);
			inputPaths = (
			);
			name = "[CP] Embed Pods Frameworks";
			outputPaths = (
			);
			runOnlyForDeploymentPostprocessing = 0;
			shellPath = /bin/sh;
			shellScript = "\"${SRCROOT}/Pods/Target Support Files/Pods-renew/Pods-renew-frameworks.sh\"\n";
			showEnvVarsInLog = 0;
		};
		9A09DCC2C3E96E7E088BB0D9 /* [CP] Copy Pods Resources */ = {
			isa = PBXShellScriptBuildPhase;
			buildActionMask = 2147483647;
			files = (
			);
			inputPaths = (
				"${SRCROOT}/Pods/Target Support Files/Pods-renew/Pods-renew-resources.sh",
				"${PODS_CONFIGURATION_BUILD_DIR}/MWPhotoBrowser/MWPhotoBrowser.bundle",
				"${PODS_ROOT}/SVProgressHUD/SVProgressHUD/SVProgressHUD.bundle",
			);
			name = "[CP] Copy Pods Resources";
			outputPaths = (
				"${TARGET_BUILD_DIR}/${UNLOCALIZED_RESOURCES_FOLDER_PATH}/MWPhotoBrowser.bundle",
				"${TARGET_BUILD_DIR}/${UNLOCALIZED_RESOURCES_FOLDER_PATH}/SVProgressHUD.bundle",
			);
			runOnlyForDeploymentPostprocessing = 0;
			shellPath = /bin/sh;
			shellScript = "\"${SRCROOT}/Pods/Target Support Files/Pods-renew/Pods-renew-resources.sh\"\n";
			showEnvVarsInLog = 0;
		};
		A342FC49D1BEA096AB5D242E /* [CP] Check Pods Manifest.lock */ = {
			isa = PBXShellScriptBuildPhase;
			buildActionMask = 2147483647;
			files = (
			);
			inputPaths = (
				"${PODS_PODFILE_DIR_PATH}/Podfile.lock",
				"${PODS_ROOT}/Manifest.lock",
			);
			name = "[CP] Check Pods Manifest.lock";
			outputPaths = (
				"$(DERIVED_FILE_DIR)/Pods-renew-checkManifestLockResult.txt",
			);
			runOnlyForDeploymentPostprocessing = 0;
			shellPath = /bin/sh;
			shellScript = "diff \"${PODS_PODFILE_DIR_PATH}/Podfile.lock\" \"${PODS_ROOT}/Manifest.lock\" > /dev/null\nif [ $? != 0 ] ; then\n    # print error to STDERR\n    echo \"error: The sandbox is not in sync with the Podfile.lock. Run 'pod install' or update your CocoaPods installation.\" >&2\n    exit 1\nfi\n# This output is used by Xcode 'outputs' to avoid re-running this script phase.\necho \"SUCCESS\" > \"${SCRIPT_OUTPUT_FILE_0}\"\n";
			showEnvVarsInLog = 0;
		};
/* End PBXShellScriptBuildPhase section */

/* Begin PBXSourcesBuildPhase section */
		BFB3B8042056B0250085E6D9 /* Sources */ = {
			isa = PBXSourcesBuildPhase;
			buildActionMask = 2147483647;
			files = (
				BF678F022057C81400F561CB /* pinyin.m in Sources */,
				BF678F182057F16E00F561CB /* WXContactListHeaderView.m in Sources */,
				BFB3B8482056B5550085E6D9 /* WXChatListViewController.m in Sources */,
				BFB3B8102056B0250085E6D9 /* BaseViewController.m in Sources */,
				BFB3B8582056B7FB0085E6D9 /* WXDiscoverViewController.m in Sources */,
				BF678F062057CB2700F561CB /* WXBaseModel.m in Sources */,
				BFB3B85E2056B8270085E6D9 /* WXMeViewController.m in Sources */,
				BFB3B8342056B22C0085E6D9 /* WXAppDelegate.m in Sources */,
				BF678F122057F16E00F561CB /* WXContactModel.m in Sources */,
				BF678F092057CCE100F561CB /* WXUserModel.m in Sources */,
				BF678F1B2057F6F300F561CB /* WXTimeLineViewController.m in Sources */,
				BFB3B83F2056B4310085E6D9 /* UIColor+WXColor.m in Sources */,
				BFB3B81B2056B0250085E6D9 /* main.m in Sources */,
				BF678F0C2057CDE200F561CB /* WXMeHeaderTableViewCell.m in Sources */,
				BF678F0F2057F16E00F561CB /* WXUIFactory.m in Sources */,
				BFB3B8522056B7C80085E6D9 /* WXContactsListViewController.m in Sources */,
				BFB3B8422056B4F30085E6D9 /* WXMainFrameViewController.m in Sources */,
				BF678F152057F16E00F561CB /* NSString+Utils.m in Sources */,
			);
			runOnlyForDeploymentPostprocessing = 0;
		};
		BFB3B81C2056B0250085E6D9 /* Sources */ = {
			isa = PBXSourcesBuildPhase;
			buildActionMask = 2147483647;
			files = (
				BFB3B8252056B0250085E6D9 /* renewTests.m in Sources */,
			);
			runOnlyForDeploymentPostprocessing = 0;
		};
/* End PBXSourcesBuildPhase section */

/* Begin PBXTargetDependency section */
		BFB3B8222056B0250085E6D9 /* PBXTargetDependency */ = {
			isa = PBXTargetDependency;
			target = BFB3B8072056B0250085E6D9 /* renew */;
			targetProxy = BFB3B8212056B0250085E6D9 /* PBXContainerItemProxy */;
		};
/* End PBXTargetDependency section */

/* Begin XCBuildConfiguration section */
		BFB3B8272056B0250085E6D9 /* Debug */ = {
			isa = XCBuildConfiguration;
			buildSettings = {
				ALWAYS_SEARCH_USER_PATHS = NO;
				CLANG_ANALYZER_NONNULL = YES;
				CLANG_ANALYZER_NUMBER_OBJECT_CONVERSION = YES_AGGRESSIVE;
				CLANG_CXX_LANGUAGE_STANDARD = "gnu++14";
				CLANG_CXX_LIBRARY = "libc++";
				CLANG_ENABLE_MODULES = YES;
				CLANG_ENABLE_OBJC_ARC = YES;
				CLANG_WARN_BLOCK_CAPTURE_AUTORELEASING = YES;
				CLANG_WARN_BOOL_CONVERSION = YES;
				CLANG_WARN_COMMA = YES;
				CLANG_WARN_CONSTANT_CONVERSION = YES;
				CLANG_WARN_DIRECT_OBJC_ISA_USAGE = YES_ERROR;
				CLANG_WARN_DOCUMENTATION_COMMENTS = YES;
				CLANG_WARN_EMPTY_BODY = YES;
				CLANG_WARN_ENUM_CONVERSION = YES;
				CLANG_WARN_INFINITE_RECURSION = YES;
				CLANG_WARN_INT_CONVERSION = YES;
				CLANG_WARN_NON_LITERAL_NULL_CONVERSION = YES;
				CLANG_WARN_OBJC_LITERAL_CONVERSION = YES;
				CLANG_WARN_OBJC_ROOT_CLASS = YES_ERROR;
				CLANG_WARN_RANGE_LOOP_ANALYSIS = YES;
				CLANG_WARN_STRICT_PROTOTYPES = YES;
				CLANG_WARN_SUSPICIOUS_MOVE = YES;
				CLANG_WARN_UNGUARDED_AVAILABILITY = YES_AGGRESSIVE;
				CLANG_WARN_UNREACHABLE_CODE = YES;
				CLANG_WARN__DUPLICATE_METHOD_MATCH = YES;
				CODE_SIGN_IDENTITY = "iPhone Developer";
				COPY_PHASE_STRIP = NO;
				DEBUG_INFORMATION_FORMAT = dwarf;
				ENABLE_STRICT_OBJC_MSGSEND = YES;
				ENABLE_TESTABILITY = YES;
				GCC_C_LANGUAGE_STANDARD = gnu11;
				GCC_DYNAMIC_NO_PIC = NO;
				GCC_NO_COMMON_BLOCKS = YES;
				GCC_OPTIMIZATION_LEVEL = 0;
				GCC_PREPROCESSOR_DEFINITIONS = (
					"DEBUG=1",
					"$(inherited)",
				);
				GCC_WARN_64_TO_32_BIT_CONVERSION = YES;
				GCC_WARN_ABOUT_RETURN_TYPE = YES_ERROR;
				GCC_WARN_UNDECLARED_SELECTOR = YES;
				GCC_WARN_UNINITIALIZED_AUTOS = YES_AGGRESSIVE;
				GCC_WARN_UNUSED_FUNCTION = YES;
				GCC_WARN_UNUSED_VARIABLE = YES;
				IPHONEOS_DEPLOYMENT_TARGET = 8.0;
				MTL_ENABLE_DEBUG_INFO = YES;
				ONLY_ACTIVE_ARCH = YES;
				SDKROOT = iphoneos;
			};
			name = Debug;
		};
		BFB3B8282056B0250085E6D9 /* Release */ = {
			isa = XCBuildConfiguration;
			buildSettings = {
				ALWAYS_SEARCH_USER_PATHS = NO;
				CLANG_ANALYZER_NONNULL = YES;
				CLANG_ANALYZER_NUMBER_OBJECT_CONVERSION = YES_AGGRESSIVE;
				CLANG_CXX_LANGUAGE_STANDARD = "gnu++14";
				CLANG_CXX_LIBRARY = "libc++";
				CLANG_ENABLE_MODULES = YES;
				CLANG_ENABLE_OBJC_ARC = YES;
				CLANG_WARN_BLOCK_CAPTURE_AUTORELEASING = YES;
				CLANG_WARN_BOOL_CONVERSION = YES;
				CLANG_WARN_COMMA = YES;
				CLANG_WARN_CONSTANT_CONVERSION = YES;
				CLANG_WARN_DIRECT_OBJC_ISA_USAGE = YES_ERROR;
				CLANG_WARN_DOCUMENTATION_COMMENTS = YES;
				CLANG_WARN_EMPTY_BODY = YES;
				CLANG_WARN_ENUM_CONVERSION = YES;
				CLANG_WARN_INFINITE_RECURSION = YES;
				CLANG_WARN_INT_CONVERSION = YES;
				CLANG_WARN_NON_LITERAL_NULL_CONVERSION = YES;
				CLANG_WARN_OBJC_LITERAL_CONVERSION = YES;
				CLANG_WARN_OBJC_ROOT_CLASS = YES_ERROR;
				CLANG_WARN_RANGE_LOOP_ANALYSIS = YES;
				CLANG_WARN_STRICT_PROTOTYPES = YES;
				CLANG_WARN_SUSPICIOUS_MOVE = YES;
				CLANG_WARN_UNGUARDED_AVAILABILITY = YES_AGGRESSIVE;
				CLANG_WARN_UNREACHABLE_CODE = YES;
				CLANG_WARN__DUPLICATE_METHOD_MATCH = YES;
				CODE_SIGN_IDENTITY = "iPhone Developer";
				COPY_PHASE_STRIP = NO;
				DEBUG_INFORMATION_FORMAT = "dwarf-with-dsym";
				ENABLE_NS_ASSERTIONS = NO;
				ENABLE_STRICT_OBJC_MSGSEND = YES;
				GCC_C_LANGUAGE_STANDARD = gnu11;
				GCC_NO_COMMON_BLOCKS = YES;
				GCC_WARN_64_TO_32_BIT_CONVERSION = YES;
				GCC_WARN_ABOUT_RETURN_TYPE = YES_ERROR;
				GCC_WARN_UNDECLARED_SELECTOR = YES;
				GCC_WARN_UNINITIALIZED_AUTOS = YES_AGGRESSIVE;
				GCC_WARN_UNUSED_FUNCTION = YES;
				GCC_WARN_UNUSED_VARIABLE = YES;
				IPHONEOS_DEPLOYMENT_TARGET = 8.0;
				MTL_ENABLE_DEBUG_INFO = NO;
				SDKROOT = iphoneos;
				VALIDATE_PRODUCT = YES;
			};
			name = Release;
		};
		BFB3B82A2056B0250085E6D9 /* Debug */ = {
			isa = XCBuildConfiguration;
			baseConfigurationReference = 620D7448F4709DB0366C4F5E /* Pods-renew.debug.xcconfig */;
			buildSettings = {
				ASSETCATALOG_COMPILER_APPICON_NAME = AppIcon;
				CLANG_WARN_DOCUMENTATION_COMMENTS = NO;
				CLANG_WARN_STRICT_PROTOTYPES = NO;
				CODE_SIGN_STYLE = Automatic;
				DEVELOPMENT_TEAM = 497KMMCX78;
				GCC_PREFIX_HEADER = "renew/Supporting Files/Renew_Prefix.pch";
				INFOPLIST_FILE = "$(SRCROOT)/renew/Supporting Files/Info.plist";
				LD_RUNPATH_SEARCH_PATHS = "$(inherited) @executable_path/Frameworks";
				PRODUCT_BUNDLE_IDENTIFIER = keep.it.in.mind.renew;
				PRODUCT_NAME = "$(TARGET_NAME)";
				TARGETED_DEVICE_FAMILY = 1;
			};
			name = Debug;
		};
		BFB3B82B2056B0250085E6D9 /* Release */ = {
			isa = XCBuildConfiguration;
			baseConfigurationReference = DA521A43346DA3DF3117DEAD /* Pods-renew.release.xcconfig */;
			buildSettings = {
				ASSETCATALOG_COMPILER_APPICON_NAME = AppIcon;
				CLANG_WARN_DOCUMENTATION_COMMENTS = NO;
				CLANG_WARN_STRICT_PROTOTYPES = NO;
				CODE_SIGN_STYLE = Automatic;
				DEVELOPMENT_TEAM = 497KMMCX78;
				GCC_PREFIX_HEADER = "renew/Supporting Files/Renew_Prefix.pch";
				INFOPLIST_FILE = "$(SRCROOT)/renew/Supporting Files/Info.plist";
				LD_RUNPATH_SEARCH_PATHS = "$(inherited) @executable_path/Frameworks";
				PRODUCT_BUNDLE_IDENTIFIER = keep.it.in.mind.renew;
				PRODUCT_NAME = "$(TARGET_NAME)";
				TARGETED_DEVICE_FAMILY = 1;
			};
			name = Release;
		};
		BFB3B82D2056B0250085E6D9 /* Debug */ = {
			isa = XCBuildConfiguration;
			buildSettings = {
				BUNDLE_LOADER = "$(TEST_HOST)";
				CODE_SIGN_STYLE = Automatic;
				DEVELOPMENT_TEAM = 497KMMCX78;
				INFOPLIST_FILE = renewTests/Info.plist;
				LD_RUNPATH_SEARCH_PATHS = "$(inherited) @executable_path/Frameworks @loader_path/Frameworks";
				PRODUCT_BUNDLE_IDENTIFIER = keep.it.in.mind.renewTests;
				PRODUCT_NAME = "$(TARGET_NAME)";
				TARGETED_DEVICE_FAMILY = "1,2";
				TEST_HOST = "$(BUILT_PRODUCTS_DIR)/renew.app/renew";
			};
			name = Debug;
		};
		BFB3B82E2056B0250085E6D9 /* Release */ = {
			isa = XCBuildConfiguration;
			buildSettings = {
				BUNDLE_LOADER = "$(TEST_HOST)";
				CODE_SIGN_STYLE = Automatic;
				DEVELOPMENT_TEAM = 497KMMCX78;
				INFOPLIST_FILE = renewTests/Info.plist;
				LD_RUNPATH_SEARCH_PATHS = "$(inherited) @executable_path/Frameworks @loader_path/Frameworks";
				PRODUCT_BUNDLE_IDENTIFIER = keep.it.in.mind.renewTests;
				PRODUCT_NAME = "$(TARGET_NAME)";
				TARGETED_DEVICE_FAMILY = "1,2";
				TEST_HOST = "$(BUILT_PRODUCTS_DIR)/renew.app/renew";
			};
			name = Release;
		};
/* End XCBuildConfiguration section */

/* Begin XCConfigurationList section */
		BFB3B8032056B0250085E6D9 /* Build configuration list for PBXProject "renew" */ = {
			isa = XCConfigurationList;
			buildConfigurations = (
				BFB3B8272056B0250085E6D9 /* Debug */,
				BFB3B8282056B0250085E6D9 /* Release */,
			);
			defaultConfigurationIsVisible = 0;
			defaultConfigurationName = Release;
		};
		BFB3B8292056B0250085E6D9 /* Build configuration list for PBXNativeTarget "renew" */ = {
			isa = XCConfigurationList;
			buildConfigurations = (
				BFB3B82A2056B0250085E6D9 /* Debug */,
				BFB3B82B2056B0250085E6D9 /* Release */,
			);
			defaultConfigurationIsVisible = 0;
			defaultConfigurationName = Release;
		};
		BFB3B82C2056B0250085E6D9 /* Build configuration list for PBXNativeTarget "renewTests" */ = {
			isa = XCConfigurationList;
			buildConfigurations = (
				BFB3B82D2056B0250085E6D9 /* Debug */,
				BFB3B82E2056B0250085E6D9 /* Release */,
			);
			defaultConfigurationIsVisible = 0;
			defaultConfigurationName = Release;
		};
/* End XCConfigurationList section */
	};
	rootObject = BFB3B8002056B0250085E6D9 /* Project object */;
}
