PODS:
  - AFNetworking (3.2.0):
    - AFNetworking/NSURLSession (= 3.2.0)
    - AFNetworking/Reachability (= 3.2.0)
    - AFNetworking/Security (= 3.2.0)
    - AFNetworking/Serialization (= 3.2.0)
    - AFNetworking/UIKit (= 3.2.0)
  - AFNetworking/NSURLSession (3.2.0):
    - AFNetworking/Reachability
    - AFNetworking/Security
    - AFNetworking/Serialization
  - AFNetworking/Reachability (3.2.0)
  - AFNetworking/Security (3.2.0)
  - AFNetworking/Serialization (3.2.0)
  - AFNetworking/UIKit (3.2.0):
    - AFNetworking/NSURLSession
  - DACircularProgress (2.3.0)
  - Mantle (2.1.0):
    - Mantle/extobjc (= 2.1.0)
  - Mantle/extobjc (2.1.0)
  - Masonry (1.1.0)
  - MBProgressHUD (0.9.2)
  - MJRefresh (3.1.15.3)
  - MWPhotoBrowser (2.1.2):
    - DACircularProgress (= 2.3)
    - MBProgressHUD (= 0.9.2)
    - SDWebImage (!= 3.7.2, ~> 3.7)
  - SDWebImage (3.8.2):
    - SDWebImage/Core (= 3.8.2)
  - SDWebImage/Core (3.8.2)
  - SVProgressHUD (2.2.5)

DEPENDENCIES:
  - AFNetworking (= 3.2.0)
  - Mantle (= 2.1.0)
  - Masonry (= 1.1.0)
  - MJRefresh (= 3.1.15.3)
  - MWPhotoBrowser (from `https://github.com/toureek/MWPhotoBrowser.git`, commit `c7201e9e5593f52183591c3925f874b70d250b98`)
  - SVProgressHUD (= 2.2.5)

EXTERNAL SOURCES:
  MWPhotoBrowser:
    :commit: c7201e9e5593f52183591c3925f874b70d250b98
    :git: https://github.com/toureek/MWPhotoBrowser.git

CHECKOUT OPTIONS:
  MWPhotoBrowser:
    :commit: c7201e9e5593f52183591c3925f874b70d250b98
    :git: https://github.com/toureek/MWPhotoBrowser.git

SPEC CHECKSUMS:
  AFNetworking: 8ac6017b94ea105479f7776e5288e48ae9c59bb4
  DACircularProgress: 8e286f8d57a7ad279dee1ba75dbe401d46441838
  Mantle: 2fa750afa478cd625a94230fbf1c13462f29395b
  Masonry: 678fab65091a9290e40e2832a55e7ab731aad201
  MBProgressHUD: 1569cf7ace17a8bac47aabfbb8580a49690386d1
  MJRefresh: b48380ae2b927b46c4ef000de9adb8dc748e1df7
  MWPhotoBrowser: dc565509c81c09afb94f271b16c2b6a78363d918
  SDWebImage: 098e97e6176540799c27e804c96653ee0833d13c
  SVProgressHUD: 1428aafac632c1f86f62aa4243ec12008d7a51d6

PODFILE CHECKSUM: a7a0908922bc7ed1bcdd9eb0d8e5c00d101d53eb

COCOAPODS: 1.4.0
